
Microsoft Visual Studio Solution File, Format Version 12.00
# Visual Studio Version 17
VisualStudioVersion = 17.9.34728.123
MinimumVisualStudioVersion = 10.0.40219.1
Project("{FAE04EC0-301F-11D3-BF4B-00C04F79EFBC}") = "BattleMageADV", "BattleMageADV\BattleMageADV.csproj", "{7F9A6256-DD01-4ABB-9ED5-0AD9DABFB4F7}"
EndProject
Global
	GlobalSection(SolutionConfigurationPlatforms) = preSolution
		Debug|Any CPU = Debug|Any CPU
		Release|Any CPU = Release|Any CPU
	EndGlobalSection
	GlobalSection(ProjectConfigurationPlatforms) = postSolution
		{7F9A6256-DD01-4ABB-9ED5-0AD9DABFB4F7}.Debug|Any CPU.ActiveCfg = Debug|Any CPU
		{7F9A6256-DD01-4ABB-9ED5-0AD9DABFB4F7}.Debug|Any CPU.Build.0 = Debug|Any CPU
		{7F9A6256-DD01-4ABB-9ED5-0AD9DABFB4F7}.Release|Any CPU.ActiveCfg = Release|Any CPU
		{7F9A6256-DD01-4ABB-9ED5-0AD9DABFB4F7}.Release|Any CPU.Build.0 = Release|Any CPU
	EndGlobalSection
	GlobalSection(SolutionProperties) = preSolution
		HideSolutionNode = FALSE
	EndGlobalSection
	GlobalSection(ExtensibilityGlobals) = postSolution
		SolutionGuid = {CC6D4007-DBBD-4C38-A87E-12EA76EAD688}
	EndGlobalSection
EndGlobal
